restructure:
  cmd: python3 src/restructure.py assets/data/raw/*.csv
  deps:
  - path: assets/data/raw
    md5: c701aa402d1a513636095685f2d5e609.dir
  - path: src/restructure.py
    md5: 5f30ef25d64f09dde2ad8977fd3520b9
  outs:
  - path: assets/data/restructured
    md5: 8c2eda0c67854b441b01bf0b3a1d2c7b.dir
featurize:
  cmd: python3 src/featurize.py assets/data/restructured/*.csv
  deps:
  - path: assets/data/restructured
    md5: 8c2eda0c67854b441b01bf0b3a1d2c7b.dir
  - path: src/featurize.py
    md5: 85137f195b4afed011cbb08e2e2d0072
  params:
    params.yaml:
      featurize.breathing_max: 4096
      featurize.breathing_min: 0
      featurize.delete:
      - time
      - calories
      featurize.features:
      - ribcage_range
      - abdomen_range
      - ribcage_gradient
      - abdomen_gradient
      - ribcage_frequency
      - abdomen_frequency
      - ribcage_slope
      - abdomen_slope
      - ribcage_slope_cyclic
      - abdomen_slope_cyclic
      featurize.heartrate_max: 185
      featurize.heartrate_min: 35
      featurize.range_window: 50
      featurize.remove:
      - ribcage
      - abdomen
      - heartrate
      featurize.scale: true
      featurize.slope_abs: false
      featurize.slope_shift: 2
      featurize.slope_smoothing: 100
  outs:
  - path: assets/data/featurized
    md5: f82c913e5d568679f15d2c3d4f71e84e.dir
sequentialize:
  cmd: python3 src/sequentialize.py assets/data/scaled/*.npz
  deps:
  - path: assets/data/scaled
    md5: 7d4233c005f7c759ca60c56bfd57a564.dir
  - path: src/sequentialize.py
    md5: 21321ff1e0c63b4287663ed864483df8
  params:
    params.yaml:
      sequentialize.hist_size: 100
      sequentialize.target_mean_window: 1
      sequentialize.use_elements: 1
  outs:
  - path: assets/data/sequentialized
    md5: 7641777cf201f5ed7ccfbb60b0197d39.dir
split:
  cmd: python3 src/split.py assets/data/featurized/*.csv
  deps:
  - path: assets/data/featurized
    md5: f82c913e5d568679f15d2c3d4f71e84e.dir
  - path: src/split.py
    md5: 777f78045a884ed1d9ce81aa46ef7489
  params:
    params.yaml:
      split.train_split: 0.6
  outs:
  - path: assets/data/split
    md5: cf414dd42db179641ea7df63eb949603.dir
scale:
  cmd: python3 src/scale.py assets/data/split/*.csv
  deps:
  - path: assets/data/split
    md5: cf414dd42db179641ea7df63eb949603.dir
  - path: src/scale.py
    md5: 70d36bb5ff3d61b878ac6150272491a9
  params:
    params.yaml:
      scale.method: minmax
  outs:
  - path: assets/data/scaled
    md5: 7d4233c005f7c759ca60c56bfd57a564.dir
train:
  cmd: python3 src/train.py assets/data/scaled/train.npz
  deps:
  - path: assets/data/scaled
    md5: 890f0e7de31284c684e7d760f2e2691e.dir
  - path: src/model.py
    md5: 31176c3f7658a142646159f2a383d844
  - path: src/train.py
    md5: 46ec5d53ee84ed26ddaae4bec050cf29
  params:
    params.yaml:
      train.batch_size: 128
      train.kernel_size: 4
      train.n_epochs: 1
      train.net: cnn
  outs:
  - path: assets/models
    md5: b1de3c0369c4c78774c89a25ffc1a6e6.dir
evaluate:
  cmd: python3 src/evaluate.py assets/models/model.h5 assets/data/scaled/test.npz
  deps:
  - path: assets/data/scaled/test.npz
    md5: 0704b9450fdf4a927b1297839803e126
  - path: assets/models/model.h5
    md5: 176ebcc35762251a2c42ba396b1fea68
  - path: src/evaluate.py
    md5: 6daa04d50ff3857e87d6f7acf7aa7cf7
  outs:
  - path: assets/metrics/metrics.json
    md5: b2b7fd7a00779737bb957d3731bc9c09
combine:
  cmd: python3 src/combine.py assets/data/sequentialized/*.npz
  deps:
  - path: assets/data/sequentialized
    md5: 7641777cf201f5ed7ccfbb60b0197d39.dir
  - path: src/combine.py
    md5: db0030dcff907c31992e4102b41223e6
  outs:
  - path: assets/data/combined
    md5: e2186fac7411bfcaaa28670a41b3ac06.dir
