restructure:
  cmd: python3 src/restructure.py assets/data/raw/*.csv
  deps:
  - path: assets/data/raw
    md5: 76353696f1f39ab6da5f356324b7bc60.dir
  - path: src/restructure.py
    md5: 5f30ef25d64f09dde2ad8977fd3520b9
  outs:
  - path: assets/data/restructured
    md5: 8c2eda0c67854b441b01bf0b3a1d2c7b.dir
featurize:
  cmd: python3 src/featurize.py assets/data/restructured/*.csv
  deps:
  - path: assets/data/restructured
    md5: 8c2eda0c67854b441b01bf0b3a1d2c7b.dir
  - path: src/featurize.py
    md5: b229e81a6084f0001d48a78096ee222e
  params:
    params.yaml:
      featurize.delete:
      - time
      - calories
      featurize.features:
      - ribcage_range
      - abdomen_range
      - ribcage_gradient
      - abdomen_gradient
      featurize.remove:
      - heartrate
      featurize.scale: true
  outs:
  - path: assets/data/featurized
    md5: f27da511dff6aa07d2141bca5c355186.dir
sequentialize:
  cmd: python3 src/sequentialize.py assets/data/featurized/*.csv
  deps:
  - path: assets/data/featurized
    md5: f27da511dff6aa07d2141bca5c355186.dir
  - path: src/sequentialize.py
    md5: 35a547cfd56cf03f404d22e8c7d2713a
  params:
    params.yaml:
      sequentialize.hist_size: 100
      sequentialize.target_mean_window: 100
      sequentialize.use_elements: 1
  outs:
  - path: assets/data/sequentialized
    md5: 23c4c49937fd3c0a4114e3595b3cada1.dir
split:
  cmd: python3 src/split.py assets/data/sequentialized/*.npz
  deps:
  - path: assets/data/sequentialized
    md5: 23c4c49937fd3c0a4114e3595b3cada1.dir
  - path: src/split.py
    md5: 1ef09f6ebcb73f39b31de24d2837ecda
  params:
    params.yaml:
      split.train_split: 0.6
  outs:
  - path: assets/data/split
    md5: 33a8e09a333cb6fb443b36efa709e40b.dir
scale:
  cmd: python3 src/scale.py assets/data/split/train.npz assets/data/split/test.npz
  deps:
  - path: assets/data/split
    md5: 33a8e09a333cb6fb443b36efa709e40b.dir
  - path: src/scale.py
    md5: 29c535c2a1378b03d5654d1eb1bed386
  params:
    params.yaml:
      scale.breathing_max: 4096
      scale.breathing_min: 0
      scale.heartrate_max: 185
      scale.heartrate_min: 35
      scale.method: minmax
  outs:
  - path: assets/data/scaled
    md5: 33a8e09a333cb6fb443b36efa709e40b.dir
train:
  cmd: python3 src/train.py assets/data/scaled/train.npz
  deps:
  - path: assets/data/scaled
    md5: 33a8e09a333cb6fb443b36efa709e40b.dir
  - path: src/model.py
    md5: 960d368f7e9556b27fabea625491f3cc
  - path: src/train.py
    md5: bc6f6cea80c987468bb649a32300aaf2
  params:
    params.yaml:
      train.batch_size: 128
      train.n_epochs: 2
      train.net: cnn
  outs:
  - path: assets/models
    md5: 7264365bbb3b6a12a776343e14fefbef.dir
evaluate:
  cmd: python3 src/evaluate.py assets/models/model.h5 assets/data/scaled/test.npz
  deps:
  - path: assets/data/scaled/test.npz
    md5: d5c807351029119cccca992413516969
  - path: assets/models/model.h5
    md5: ecdf9c74b6817472e853e8d9604e5bb8
  - path: src/evaluate.py
    md5: 560f06b58c86348712d733c050c0f7d9
  outs:
  - path: assets/metrics/metrics.json
    md5: 77685a7958a4fa740ea973bcfc632a76
